
Microsoft Visual Studio Solution File, Format Version 12.00
# Visual Studio Version 16
VisualStudioVersion = 16.0.30002.166
MinimumVisualStudioVersion = 10.0.40219.1
Project("{8BC9CEB8-8B4A-11D0-8D11-00A0C91BC942}") = "ETC", "ETC\ETC.vcxproj", "{92CE1F47-2950-4D60-9AD5-AFC15DA8284A}"
EndProject
Global
	GlobalSection(SolutionConfigurationPlatforms) = preSolution
		Debug|x64 = Debug|x64
		Debug|x86 = Debug|x86
		Release|x64 = Release|x64
		Release|x86 = Release|x86
	EndGlobalSection
	GlobalSection(ProjectConfigurationPlatforms) = postSolution
		{92CE1F47-2950-4D60-9AD5-AFC15DA8284A}.Debug|x64.ActiveCfg = Debug|x64
		{92CE1F47-2950-4D60-9AD5-AFC15DA8284A}.Debug|x64.Build.0 = Debug|x64
		{92CE1F47-2950-4D60-9AD5-AFC15DA8284A}.Debug|x86.ActiveCfg = Debug|Win32
		{92CE1F47-2950-4D60-9AD5-AFC15DA8284A}.Debug|x86.Build.0 = Debug|Win32
		{92CE1F47-2950-4D60-9AD5-AFC15DA8284A}.Release|x64.ActiveCfg = Release|x64
		{92CE1F47-2950-4D60-9AD5-AFC15DA8284A}.Release|x64.Build.0 = Release|x64
		{92CE1F47-2950-4D60-9AD5-AFC15DA8284A}.Release|x86.ActiveCfg = Release|Win32
		{92CE1F47-2950-4D60-9AD5-AFC15DA8284A}.Release|x86.Build.0 = Release|Win32
	EndGlobalSection
	GlobalSection(SolutionProperties) = preSolution
		HideSolutionNode = FALSE
	EndGlobalSection
	GlobalSection(ExtensibilityGlobals) = postSolution
		SolutionGuid = {C5CA8082-1144-4598-B7E1-34139FA1D0D3}
	EndGlobalSection
EndGlobal
